
Microsoft Visual Studio Solution File, Format Version 12.00
# Visual Studio 15
VisualStudioVersion = 15.0.28010.2026
MinimumVisualStudioVersion = 10.0.40219.1
Project("{FAE04EC0-301F-11D3-BF4B-00C04F79EFBC}") = "Inleverpracticum1", "WindowsFormsApp1\Inleverpracticum1.csproj", "{CD7FA2E1-46B1-460B-843B-51C6B4CDFE6F}"
EndProject
Global
	GlobalSection(SolutionConfigurationPlatforms) = preSolution
		Debug|Any CPU = Debug|Any CPU
		Release|Any CPU = Release|Any CPU
	EndGlobalSection
	GlobalSection(ProjectConfigurationPlatforms) = postSolution
		{CD7FA2E1-46B1-460B-843B-51C6B4CDFE6F}.Debug|Any CPU.ActiveCfg = Debug|Any CPU
		{CD7FA2E1-46B1-460B-843B-51C6B4CDFE6F}.Debug|Any CPU.Build.0 = Debug|Any CPU
		{CD7FA2E1-46B1-460B-843B-51C6B4CDFE6F}.Release|Any CPU.ActiveCfg = Release|Any CPU
		{CD7FA2E1-46B1-460B-843B-51C6B4CDFE6F}.Release|Any CPU.Build.0 = Release|Any CPU
	EndGlobalSection
	GlobalSection(SolutionProperties) = preSolution
		HideSolutionNode = FALSE
	EndGlobalSection
	GlobalSection(ExtensibilityGlobals) = postSolution
		SolutionGuid = {98438F79-3047-4A96-B77E-E001184C7C02}
	EndGlobalSection
EndGlobal
